// !$*UTF8*$!
{
	archiveVersion = 1;
	classes = {
	};
	objectVersion = 50;
	objects = {

/* Begin PBXBuildFile section */
		AC28A6552314AE5800596294 /* AppDelegate.swift in Sources */ = {isa = PBXBuildFile; fileRef = AC28A6542314AE5800596294 /* AppDelegate.swift */; };
		AC28A6572314AE5800596294 /* TransacaoViewController.swift in Sources */ = {isa = PBXBuildFile; fileRef = AC28A6562314AE5800596294 /* TransacaoViewController.swift */; };
		AC28A65A2314AE5800596294 /* Main.storyboard in Resources */ = {isa = PBXBuildFile; fileRef = AC28A6582314AE5800596294 /* Main.storyboard */; };
		AC28A65C2314AE5900596294 /* Assets.xcassets in Resources */ = {isa = PBXBuildFile; fileRef = AC28A65B2314AE5900596294 /* Assets.xcassets */; };
		AC28A65F2314AE5900596294 /* LaunchScreen.storyboard in Resources */ = {isa = PBXBuildFile; fileRef = AC28A65D2314AE5900596294 /* LaunchScreen.storyboard */; };
		AC28A66A2314B3B000596294 /* itau.json in Resources */ = {isa = PBXBuildFile; fileRef = AC28A6692314B3B000596294 /* itau.json */; };
		AC28A66E2314B97500596294 /* Contact.swift in Sources */ = {isa = PBXBuildFile; fileRef = AC28A66D2314B97500596294 /* Contact.swift */; };
		AC28A6702314BA4D00596294 /* JsonSerializer.swift in Sources */ = {isa = PBXBuildFile; fileRef = AC28A66F2314BA4D00596294 /* JsonSerializer.swift */; };
		AC28A67823161AFA00596294 /* TransacaoController.swift in Sources */ = {isa = PBXBuildFile; fileRef = AC28A67723161AFA00596294 /* TransacaoController.swift */; };
/* End PBXBuildFile section */

/* Begin PBXFileReference section */
		AC28A6512314AE5800596294 /* App_ITAU.app */ = {isa = PBXFileReference; explicitFileType = wrapper.application; includeInIndex = 0; path = App_ITAU.app; sourceTree = BUILT_PRODUCTS_DIR; };
		AC28A6542314AE5800596294 /* AppDelegate.swift */ = {isa = PBXFileReference; lastKnownFileType = sourcecode.swift; path = AppDelegate.swift; sourceTree = "<group>"; };
		AC28A6562314AE5800596294 /* TransacaoViewController.swift */ = {isa = PBXFileReference; lastKnownFileType = sourcecode.swift; path = TransacaoViewController.swift; sourceTree = "<group>"; };
		AC28A6592314AE5800596294 /* Base */ = {isa = PBXFileReference; lastKnownFileType = file.storyboard; name = Base; path = Base.lproj/Main.storyboard; sourceTree = "<group>"; };
		AC28A65B2314AE5900596294 /* Assets.xcassets */ = {isa = PBXFileReference; lastKnownFileType = folder.assetcatalog; path = Assets.xcassets; sourceTree = "<group>"; };
		AC28A65E2314AE5900596294 /* Base */ = {isa = PBXFileReference; lastKnownFileType = file.storyboard; name = Base; path = Base.lproj/LaunchScreen.storyboard; sourceTree = "<group>"; };
		AC28A6602314AE5900596294 /* Info.plist */ = {isa = PBXFileReference; lastKnownFileType = text.plist.xml; path = Info.plist; sourceTree = "<group>"; };
		AC28A6692314B3B000596294 /* itau.json */ = {isa = PBXFileReference; fileEncoding = 4; lastKnownFileType = text.json; path = itau.json; sourceTree = "<group>"; };
		AC28A66D2314B97500596294 /* Contact.swift */ = {isa = PBXFileReference; lastKnownFileType = sourcecode.swift; path = Contact.swift; sourceTree = "<group>"; };
		AC28A66F2314BA4D00596294 /* JsonSerializer.swift */ = {isa = PBXFileReference; lastKnownFileType = sourcecode.swift; path = JsonSerializer.swift; sourceTree = "<group>"; };
		AC28A67723161AFA00596294 /* TransacaoController.swift */ = {isa = PBXFileReference; lastKnownFileType = sourcecode.swift; path = TransacaoController.swift; sourceTree = "<group>"; };
/* End PBXFileReference section */

/* Begin PBXFrameworksBuildPhase section */
		AC28A64E2314AE5800596294 /* Frameworks */ = {
			isa = PBXFrameworksBuildPhase;
			buildActionMask = 2147483647;
			files = (
			);
			runOnlyForDeploymentPostprocessing = 0;
		};
/* End PBXFrameworksBuildPhase section */

/* Begin PBXGroup section */
		AC28A6482314AE5800596294 = {
			isa = PBXGroup;
			children = (
				AC28A6532314AE5800596294 /* App_ITAU */,
				AC28A6522314AE5800596294 /* Products */,
			);
			sourceTree = "<group>";
		};
		AC28A6522314AE5800596294 /* Products */ = {
			isa = PBXGroup;
			children = (
				AC28A6512314AE5800596294 /* App_ITAU.app */,
			);
			name = Products;
			sourceTree = "<group>";
		};
		AC28A6532314AE5800596294 /* App_ITAU */ = {
			isa = PBXGroup;
			children = (
				AC28A66C2314B8F800596294 /* Model */,
				AC28A66B2314B8E100596294 /* Network */,
				AC28A6682314AFF900596294 /* Controller */,
				AC28A6672314AFEE00596294 /* View */,
				AC28A6662314AFE600596294 /* Mock */,
				AC28A6542314AE5800596294 /* AppDelegate.swift */,
				AC28A65B2314AE5900596294 /* Assets.xcassets */,
				AC28A65D2314AE5900596294 /* LaunchScreen.storyboard */,
				AC28A6602314AE5900596294 /* Info.plist */,
			);
			path = App_ITAU;
			sourceTree = "<group>";
		};
		AC28A6662314AFE600596294 /* Mock */ = {
			isa = PBXGroup;
			children = (
				AC28A6692314B3B000596294 /* itau.json */,
			);
			path = Mock;
			sourceTree = "<group>";
		};
		AC28A6672314AFEE00596294 /* View */ = {
			isa = PBXGroup;
			children = (
				AC28A6582314AE5800596294 /* Main.storyboard */,
				AC28A6562314AE5800596294 /* TransacaoViewController.swift */,
			);
			path = View;
			sourceTree = "<group>";
		};
		AC28A6682314AFF900596294 /* Controller */ = {
			isa = PBXGroup;
			children = (
				AC28A67723161AFA00596294 /* TransacaoController.swift */,
			);
			path = Controller;
			sourceTree = "<group>";
		};
		AC28A66B2314B8E100596294 /* Network */ = {
			isa = PBXGroup;
			children = (
				AC28A66F2314BA4D00596294 /* JsonSerializer.swift */,
			);
			path = Network;
			sourceTree = "<group>";
		};
		AC28A66C2314B8F800596294 /* Model */ = {
			isa = PBXGroup;
			children = (
				AC28A66D2314B97500596294 /* Contact.swift */,
			);
			path = Model;
			sourceTree = "<group>";
		};
/* End PBXGroup section */

/* Begin PBXNativeTarget section */
		AC28A6502314AE5800596294 /* App_ITAU */ = {
			isa = PBXNativeTarget;
			buildConfigurationList = AC28A6632314AE5900596294 /* Build configuration list for PBXNativeTarget "App_ITAU" */;
			buildPhases = (
				AC28A64D2314AE5800596294 /* Sources */,
				AC28A64E2314AE5800596294 /* Frameworks */,
				AC28A64F2314AE5800596294 /* Resources */,
			);
			buildRules = (
			);
			dependencies = (
			);
			name = App_ITAU;
			productName = App_ITAU;
			productReference = AC28A6512314AE5800596294 /* App_ITAU.app */;
			productType = "com.apple.product-type.application";
		};
/* End PBXNativeTarget section */

/* Begin PBXProject section */
		AC28A6492314AE5800596294 /* Project object */ = {
			isa = PBXProject;
			attributes = {
				LastSwiftUpdateCheck = 1030;
				LastUpgradeCheck = 1030;
				ORGANIZATIONNAME = AleAun;
				TargetAttributes = {
					AC28A6502314AE5800596294 = {
						CreatedOnToolsVersion = 10.3;
					};
				};
			};
			buildConfigurationList = AC28A64C2314AE5800596294 /* Build configuration list for PBXProject "App_ITAU" */;
			compatibilityVersion = "Xcode 9.3";
			developmentRegion = en;
			hasScannedForEncodings = 0;
			knownRegions = (
				en,
				Base,
			);
			mainGroup = AC28A6482314AE5800596294;
			productRefGroup = AC28A6522314AE5800596294 /* Products */;
			projectDirPath = "";
			projectRoot = "";
			targets = (
				AC28A6502314AE5800596294 /* App_ITAU */,
			);
		};
/* End PBXProject section */

/* Begin PBXResourcesBuildPhase section */
		AC28A64F2314AE5800596294 /* Resources */ = {
			isa = PBXResourcesBuildPhase;
			buildActionMask = 2147483647;
			files = (
				AC28A66A2314B3B000596294 /* itau.json in Resources */,
				AC28A65F2314AE5900596294 /* LaunchScreen.storyboard in Resources */,
				AC28A65C2314AE5900596294 /* Assets.xcassets in Resources */,
				AC28A65A2314AE5800596294 /* Main.storyboard in Resources */,
			);
			runOnlyForDeploymentPostprocessing = 0;
		};
/* End PBXResourcesBuildPhase section */

/* Begin PBXSourcesBuildPhase section */
		AC28A64D2314AE5800596294 /* Sources */ = {
			isa = PBXSourcesBuildPhase;
			buildActionMask = 2147483647;
			files = (
				AC28A66E2314B97500596294 /* Contact.swift in Sources */,
				AC28A67823161AFA00596294 /* TransacaoController.swift in Sources */,
				AC28A6572314AE5800596294 /* TransacaoViewController.swift in Sources */,
				AC28A6552314AE5800596294 /* AppDelegate.swift in Sources */,
				AC28A6702314BA4D00596294 /* JsonSerializer.swift in Sources */,
			);
			runOnlyForDeploymentPostprocessing = 0;
		};
/* End PBXSourcesBuildPhase section */

/* Begin PBXVariantGroup section */
		AC28A6582314AE5800596294 /* Main.storyboard */ = {
			isa = PBXVariantGroup;
			children = (
				AC28A6592314AE5800596294 /* Base */,
			);
			name = Main.storyboard;
			sourceTree = "<group>";
		};
		AC28A65D2314AE5900596294 /* LaunchScreen.storyboard */ = {
			isa = PBXVariantGroup;
			children = (
				AC28A65E2314AE5900596294 /* Base */,
			);
			name = LaunchScreen.storyboard;
			sourceTree = "<group>";
		};
/* End PBXVariantGroup section */

/* Begin XCBuildConfiguration section */
		AC28A6612314AE5900596294 /* Debug */ = {
			isa = XCBuildConfiguration;
			buildSettings = {
				ALWAYS_SEARCH_USER_PATHS = NO;
				CLANG_ANALYZER_NONNULL = YES;
				CLANG_ANALYZER_NUMBER_OBJECT_CONVERSION = YES_AGGRESSIVE;
				CLANG_CXX_LANGUAGE_STANDARD = "gnu++14";
				CLANG_CXX_LIBRARY = "libc++";
				CLANG_ENABLE_MODULES = YES;
				CLANG_ENABLE_OBJC_ARC = YES;
				CLANG_ENABLE_OBJC_WEAK = YES;
				CLANG_WARN_BLOCK_CAPTURE_AUTORELEASING = YES;
				CLANG_WARN_BOOL_CONVERSION = YES;
				CLANG_WARN_COMMA = YES;
				CLANG_WARN_CONSTANT_CONVERSION = YES;
				CLANG_WARN_DEPRECATED_OBJC_IMPLEMENTATIONS = YES;
				CLANG_WARN_DIRECT_OBJC_ISA_USAGE = YES_ERROR;
				CLANG_WARN_DOCUMENTATION_COMMENTS = YES;
				CLANG_WARN_EMPTY_BODY = YES;
				CLANG_WARN_ENUM_CONVERSION = YES;
				CLANG_WARN_INFINITE_RECURSION = YES;
				CLANG_WARN_INT_CONVERSION = YES;
				CLANG_WARN_NON_LITERAL_NULL_CONVERSION = YES;
				CLANG_WARN_OBJC_IMPLICIT_RETAIN_SELF = YES;
				CLANG_WARN_OBJC_LITERAL_CONVERSION = YES;
				CLANG_WARN_OBJC_ROOT_CLASS = YES_ERROR;
				CLANG_WARN_RANGE_LOOP_ANALYSIS = YES;
				CLANG_WARN_STRICT_PROTOTYPES = YES;
				CLANG_WARN_SUSPICIOUS_MOVE = YES;
				CLANG_WARN_UNGUARDED_AVAILABILITY = YES_AGGRESSIVE;
				CLANG_WARN_UNREACHABLE_CODE = YES;
				CLANG_WARN__DUPLICATE_METHOD_MATCH = YES;
				CODE_SIGN_IDENTITY = "iPhone Developer";
				COPY_PHASE_STRIP = NO;
				DEBUG_INFORMATION_FORMAT = dwarf;
				ENABLE_STRICT_OBJC_MSGSEND = YES;
				ENABLE_TESTABILITY = YES;
				GCC_C_LANGUAGE_STANDARD = gnu11;
				GCC_DYNAMIC_NO_PIC = NO;
				GCC_NO_COMMON_BLOCKS = YES;
				GCC_OPTIMIZATION_LEVEL = 0;
				GCC_PREPROCESSOR_DEFINITIONS = (
					"DEBUG=1",
					"$(inherited)",
				);
				GCC_WARN_64_TO_32_BIT_CONVERSION = YES;
				GCC_WARN_ABOUT_RETURN_TYPE = YES_ERROR;
				GCC_WARN_UNDECLARED_SELECTOR = YES;
				GCC_WARN_UNINITIALIZED_AUTOS = YES_AGGRESSIVE;
				GCC_WARN_UNUSED_FUNCTION = YES;
				GCC_WARN_UNUSED_VARIABLE = YES;
				IPHONEOS_DEPLOYMENT_TARGET = 12.4;
				MTL_ENABLE_DEBUG_INFO = INCLUDE_SOURCE;
				MTL_FAST_MATH = YES;
				ONLY_ACTIVE_ARCH = YES;
				SDKROOT = iphoneos;
				SWIFT_ACTIVE_COMPILATION_CONDITIONS = DEBUG;
				SWIFT_OPTIMIZATION_LEVEL = "-Onone";
			};
			name = Debug;
		};
		AC28A6622314AE5900596294 /* Release */ = {
			isa = XCBuildConfiguration;
			buildSettings = {
				ALWAYS_SEARCH_USER_PATHS = NO;
				CLANG_ANALYZER_NONNULL = YES;
				CLANG_ANALYZER_NUMBER_OBJECT_CONVERSION = YES_AGGRESSIVE;
				CLANG_CXX_LANGUAGE_STANDARD = "gnu++14";
				CLANG_CXX_LIBRARY = "libc++";
				CLANG_ENABLE_MODULES = YES;
				CLANG_ENABLE_OBJC_ARC = YES;
				CLANG_ENABLE_OBJC_WEAK = YES;
				CLANG_WARN_BLOCK_CAPTURE_AUTORELEASING = YES;
				CLANG_WARN_BOOL_CONVERSION = YES;
				CLANG_WARN_COMMA = YES;
				CLANG_WARN_CONSTANT_CONVERSION = YES;
				CLANG_WARN_DEPRECATED_OBJC_IMPLEMENTATIONS = YES;
				CLANG_WARN_DIRECT_OBJC_ISA_USAGE = YES_ERROR;
				CLANG_WARN_DOCUMENTATION_COMMENTS = YES;
				CLANG_WARN_EMPTY_BODY = YES;
				CLANG_WARN_ENUM_CONVERSION = YES;
				CLANG_WARN_INFINITE_RECURSION = YES;
				CLANG_WARN_INT_CONVERSION = YES;
				CLANG_WARN_NON_LITERAL_NULL_CONVERSION = YES;
				CLANG_WARN_OBJC_IMPLICIT_RETAIN_SELF = YES;
				CLANG_WARN_OBJC_LITERAL_CONVERSION = YES;
				CLANG_WARN_OBJC_ROOT_CLASS = YES_ERROR;
				CLANG_WARN_RANGE_LOOP_ANALYSIS = YES;
				CLANG_WARN_STRICT_PROTOTYPES = YES;
				CLANG_WARN_SUSPICIOUS_MOVE = YES;
				CLANG_WARN_UNGUARDED_AVAILABILITY = YES_AGGRESSIVE;
				CLANG_WARN_UNREACHABLE_CODE = YES;
				CLANG_WARN__DUPLICATE_METHOD_MATCH = YES;
				CODE_SIGN_IDENTITY = "iPhone Developer";
				COPY_PHASE_STRIP = NO;
				DEBUG_INFORMATION_FORMAT = "dwarf-with-dsym";
				ENABLE_NS_ASSERTIONS = NO;
				ENABLE_STRICT_OBJC_MSGSEND = YES;
				GCC_C_LANGUAGE_STANDARD = gnu11;
				GCC_NO_COMMON_BLOCKS = YES;
				GCC_WARN_64_TO_32_BIT_CONVERSION = YES;
				GCC_WARN_ABOUT_RETURN_TYPE = YES_ERROR;
				GCC_WARN_UNDECLARED_SELECTOR = YES;
				GCC_WARN_UNINITIALIZED_AUTOS = YES_AGGRESSIVE;
				GCC_WARN_UNUSED_FUNCTION = YES;
				GCC_WARN_UNUSED_VARIABLE = YES;
				IPHONEOS_DEPLOYMENT_TARGET = 12.4;
				MTL_ENABLE_DEBUG_INFO = NO;
				MTL_FAST_MATH = YES;
				SDKROOT = iphoneos;
				SWIFT_COMPILATION_MODE = wholemodule;
				SWIFT_OPTIMIZATION_LEVEL = "-O";
				VALIDATE_PRODUCT = YES;
			};
			name = Release;
		};
		AC28A6642314AE5900596294 /* Debug */ = {
			isa = XCBuildConfiguration;
			buildSettings = {
				ASSETCATALOG_COMPILER_APPICON_NAME = AppIcon;
				CODE_SIGN_STYLE = Automatic;
				DEVELOPMENT_TEAM = 7VXABSG45G;
				INFOPLIST_FILE = App_ITAU/Info.plist;
				LD_RUNPATH_SEARCH_PATHS = (
					"$(inherited)",
					"@executable_path/Frameworks",
				);
				PRODUCT_BUNDLE_IDENTIFIER = "developer.ale.App-ITAU";
				PRODUCT_NAME = "$(TARGET_NAME)";
				SWIFT_VERSION = 5.0;
				TARGETED_DEVICE_FAMILY = "1,2";
			};
			name = Debug;
		};
		AC28A6652314AE5900596294 /* Release */ = {
			isa = XCBuildConfiguration;
			buildSettings = {
				ASSETCATALOG_COMPILER_APPICON_NAME = AppIcon;
				CODE_SIGN_STYLE = Automatic;
				DEVELOPMENT_TEAM = 7VXABSG45G;
				INFOPLIST_FILE = App_ITAU/Info.plist;
				LD_RUNPATH_SEARCH_PATHS = (
					"$(inherited)",
					"@executable_path/Frameworks",
				);
				PRODUCT_BUNDLE_IDENTIFIER = "developer.ale.App-ITAU";
				PRODUCT_NAME = "$(TARGET_NAME)";
				SWIFT_VERSION = 5.0;
				TARGETED_DEVICE_FAMILY = "1,2";
			};
			name = Release;
		};
/* End XCBuildConfiguration section */

/* Begin XCConfigurationList section */
		AC28A64C2314AE5800596294 /* Build configuration list for PBXProject "App_ITAU" */ = {
			isa = XCConfigurationList;
			buildConfigurations = (
				AC28A6612314AE5900596294 /* Debug */,
				AC28A6622314AE5900596294 /* Release */,
			);
			defaultConfigurationIsVisible = 0;
			defaultConfigurationName = Release;
		};
		AC28A6632314AE5900596294 /* Build configuration list for PBXNativeTarget "App_ITAU" */ = {
			isa = XCConfigurationList;
			buildConfigurations = (
				AC28A6642314AE5900596294 /* Debug */,
				AC28A6652314AE5900596294 /* Release */,
			);
			defaultConfigurationIsVisible = 0;
			defaultConfigurationName = Release;
		};
/* End XCConfigurationList section */
	};
	rootObject = AC28A6492314AE5800596294 /* Project object */;
}
